
Microsoft Visual Studio Solution File, Format Version 12.00
# Visual Studio Version 16
VisualStudioVersion = 16.0.30717.126
MinimumVisualStudioVersion = 10.0.40219.1
Project("{9A19103F-16F7-4668-BE54-9A1E7A4F7556}") = "CronTimer", "CronTimer.csproj", "{FB64C227-8615-4AE1-94E3-F9F9DF192B72}"
EndProject
Project("{2150E333-8FDC-42A3-9474-1A3956D46DE8}") = "Solution Items", "Solution Items", "{CCDD0B34-653C-430C-9B17-5129618F8D7D}"
	ProjectSection(SolutionItems) = preProject
		..\README.md = ..\README.md
	EndProjectSection
EndProject
Global
	GlobalSection(SolutionConfigurationPlatforms) = preSolution
		Debug|Any CPU = Debug|Any CPU
		Release|Any CPU = Release|Any CPU
	EndGlobalSection
	GlobalSection(ProjectConfigurationPlatforms) = postSolution
		{FB64C227-8615-4AE1-94E3-F9F9DF192B72}.Debug|Any CPU.ActiveCfg = Debug|Any CPU
		{FB64C227-8615-4AE1-94E3-F9F9DF192B72}.Debug|Any CPU.Build.0 = Debug|Any CPU
		{FB64C227-8615-4AE1-94E3-F9F9DF192B72}.Release|Any CPU.ActiveCfg = Release|Any CPU
		{FB64C227-8615-4AE1-94E3-F9F9DF192B72}.Release|Any CPU.Build.0 = Release|Any CPU
	EndGlobalSection
	GlobalSection(SolutionProperties) = preSolution
		HideSolutionNode = FALSE
	EndGlobalSection
	GlobalSection(ExtensibilityGlobals) = postSolution
		SolutionGuid = {A639B164-6581-40DF-ADC4-479DAB467CFE}
	EndGlobalSection
EndGlobal
